
Microsoft Visual Studio Solution File, Format Version 12.00
# Visual Studio Version 17
VisualStudioVersion = 17.5.33424.131
MinimumVisualStudioVersion = 10.0.40219.1
Project("{FAE04EC0-301F-11D3-BF4B-00C04F79EFBC}") = "Tutor C#1", "Tutor C#1\Tutor C#1.csproj", "{0859681D-A7EE-43F1-BACF-4B1A4E6853EE}"
EndProject
Global
	GlobalSection(SolutionConfigurationPlatforms) = preSolution
		Debug|Any CPU = Debug|Any CPU
		Release|Any CPU = Release|Any CPU
	EndGlobalSection
	GlobalSection(ProjectConfigurationPlatforms) = postSolution
		{0859681D-A7EE-43F1-BACF-4B1A4E6853EE}.Debug|Any CPU.ActiveCfg = Debug|Any CPU
		{0859681D-A7EE-43F1-BACF-4B1A4E6853EE}.Debug|Any CPU.Build.0 = Debug|Any CPU
		{0859681D-A7EE-43F1-BACF-4B1A4E6853EE}.Release|Any CPU.ActiveCfg = Release|Any CPU
		{0859681D-A7EE-43F1-BACF-4B1A4E6853EE}.Release|Any CPU.Build.0 = Release|Any CPU
	EndGlobalSection
	GlobalSection(SolutionProperties) = preSolution
		HideSolutionNode = FALSE
	EndGlobalSection
	GlobalSection(ExtensibilityGlobals) = postSolution
		SolutionGuid = {A3A7D658-DE4E-4C26-B714-CFDA51883A15}
	EndGlobalSection
EndGlobal
