
Microsoft Visual Studio Solution File, Format Version 12.00
# Visual Studio Version 17
VisualStudioVersion = 17.5.33424.131
MinimumVisualStudioVersion = 10.0.40219.1
Project("{FAE04EC0-301F-11D3-BF4B-00C04F79EFBC}") = "Tutor C#1", "Tutor C#1\Tutor C#1.csproj", "{0859681D-A7EE-43F1-BACF-4B1A4E6853EE}"
EndProject
Project("{FAE04EC0-301F-11D3-BF4B-00C04F79EFBC}") = "Buoi 2 Tutor C#1", "Buoi 2 Tutor C#1\Buoi 2 Tutor C#1.csproj", "{FC1AFA30-0966-4FE2-8590-EF9211878346}"
EndProject
Project("{FAE04EC0-301F-11D3-BF4B-00C04F79EFBC}") = "NguyenVanDucAnh_PH26409", "NguyenVanDucAnh_PH26409\NguyenVanDucAnh_PH26409.csproj", "{A7401A32-0779-4D11-822B-8CAF9E10AFFD}"
EndProject
Project("{FAE04EC0-301F-11D3-BF4B-00C04F79EFBC}") = "NguyenVanDucAnh-PH26409", "NguyenVanDucAnh-PH26409\NguyenVanDucAnh-PH26409.csproj", "{BC81C66A-885D-430C-8FC2-9E0CDBDCD6AE}"
EndProject
Project("{FAE04EC0-301F-11D3-BF4B-00C04F79EFBC}") = "anhnvd_ph26409", "anhnvd_ph26409\anhnvd_ph26409.csproj", "{106EADB7-6D4E-42FE-948F-CC5FA14321C4}"
EndProject
Global
	GlobalSection(SolutionConfigurationPlatforms) = preSolution
		Debug|Any CPU = Debug|Any CPU
		Release|Any CPU = Release|Any CPU
	EndGlobalSection
	GlobalSection(ProjectConfigurationPlatforms) = postSolution
		{0859681D-A7EE-43F1-BACF-4B1A4E6853EE}.Debug|Any CPU.ActiveCfg = Debug|Any CPU
		{0859681D-A7EE-43F1-BACF-4B1A4E6853EE}.Debug|Any CPU.Build.0 = Debug|Any CPU
		{0859681D-A7EE-43F1-BACF-4B1A4E6853EE}.Release|Any CPU.ActiveCfg = Release|Any CPU
		{0859681D-A7EE-43F1-BACF-4B1A4E6853EE}.Release|Any CPU.Build.0 = Release|Any CPU
		{FC1AFA30-0966-4FE2-8590-EF9211878346}.Debug|Any CPU.ActiveCfg = Debug|Any CPU
		{FC1AFA30-0966-4FE2-8590-EF9211878346}.Debug|Any CPU.Build.0 = Debug|Any CPU
		{FC1AFA30-0966-4FE2-8590-EF9211878346}.Release|Any CPU.ActiveCfg = Release|Any CPU
		{FC1AFA30-0966-4FE2-8590-EF9211878346}.Release|Any CPU.Build.0 = Release|Any CPU
		{A7401A32-0779-4D11-822B-8CAF9E10AFFD}.Debug|Any CPU.ActiveCfg = Debug|Any CPU
		{A7401A32-0779-4D11-822B-8CAF9E10AFFD}.Debug|Any CPU.Build.0 = Debug|Any CPU
		{A7401A32-0779-4D11-822B-8CAF9E10AFFD}.Release|Any CPU.ActiveCfg = Release|Any CPU
		{A7401A32-0779-4D11-822B-8CAF9E10AFFD}.Release|Any CPU.Build.0 = Release|Any CPU
		{BC81C66A-885D-430C-8FC2-9E0CDBDCD6AE}.Debug|Any CPU.ActiveCfg = Debug|Any CPU
		{BC81C66A-885D-430C-8FC2-9E0CDBDCD6AE}.Debug|Any CPU.Build.0 = Debug|Any CPU
		{BC81C66A-885D-430C-8FC2-9E0CDBDCD6AE}.Release|Any CPU.ActiveCfg = Release|Any CPU
		{BC81C66A-885D-430C-8FC2-9E0CDBDCD6AE}.Release|Any CPU.Build.0 = Release|Any CPU
		{106EADB7-6D4E-42FE-948F-CC5FA14321C4}.Debug|Any CPU.ActiveCfg = Debug|Any CPU
		{106EADB7-6D4E-42FE-948F-CC5FA14321C4}.Debug|Any CPU.Build.0 = Debug|Any CPU
		{106EADB7-6D4E-42FE-948F-CC5FA14321C4}.Release|Any CPU.ActiveCfg = Release|Any CPU
		{106EADB7-6D4E-42FE-948F-CC5FA14321C4}.Release|Any CPU.Build.0 = Release|Any CPU
	EndGlobalSection
	GlobalSection(SolutionProperties) = preSolution
		HideSolutionNode = FALSE
	EndGlobalSection
	GlobalSection(ExtensibilityGlobals) = postSolution
		SolutionGuid = {A3A7D658-DE4E-4C26-B714-CFDA51883A15}
	EndGlobalSection
EndGlobal
